// !$*UTF8*$!
{
	archiveVersion = 1;
	classes = {
	};
	objectVersion = 50;
	objects = {

/* Begin PBXBuildFile section */
		225DF713221CBD4000E65FA9 /* AppDelegate.swift in Sources */ = {isa = PBXBuildFile; fileRef = 225DF712221CBD4000E65FA9 /* AppDelegate.swift */; };
		225DF715221CBD4000E65FA9 /* ViewController.swift in Sources */ = {isa = PBXBuildFile; fileRef = 225DF714221CBD4000E65FA9 /* ViewController.swift */; };
		225DF718221CBD4000E65FA9 /* Main.storyboard in Resources */ = {isa = PBXBuildFile; fileRef = 225DF716221CBD4000E65FA9 /* Main.storyboard */; };
		225DF71A221CBD5200E65FA9 /* Assets.xcassets in Resources */ = {isa = PBXBuildFile; fileRef = 225DF719221CBD5200E65FA9 /* Assets.xcassets */; };
		225DF71D221CBD5200E65FA9 /* LaunchScreen.storyboard in Resources */ = {isa = PBXBuildFile; fileRef = 225DF71B221CBD5200E65FA9 /* LaunchScreen.storyboard */; };
		225DF728221CBD5200E65FA9 /* testTests.swift in Sources */ = {isa = PBXBuildFile; fileRef = 225DF727221CBD5200E65FA9 /* testTests.swift */; };
		225DF733221CBD5200E65FA9 /* testUITests.swift in Sources */ = {isa = PBXBuildFile; fileRef = 225DF732221CBD5200E65FA9 /* testUITests.swift */; };
/* End PBXBuildFile section */

/* Begin PBXContainerItemProxy section */
		225DF724221CBD5200E65FA9 /* PBXContainerItemProxy */ = {
			isa = PBXContainerItemProxy;
			containerPortal = 225DF707221CBD3F00E65FA9 /* Project object */;
			proxyType = 1;
			remoteGlobalIDString = 225DF70E221CBD4000E65FA9;
			remoteInfo = test;
		};
		225DF72F221CBD5200E65FA9 /* PBXContainerItemProxy */ = {
			isa = PBXContainerItemProxy;
			containerPortal = 225DF707221CBD3F00E65FA9 /* Project object */;
			proxyType = 1;
			remoteGlobalIDString = 225DF70E221CBD4000E65FA9;
			remoteInfo = test;
		};
/* End PBXContainerItemProxy section */

/* Begin PBXFileReference section */
		225DF70F221CBD4000E65FA9 /* test.app */ = {isa = PBXFileReference; explicitFileType = wrapper.application; includeInIndex = 0; path = test.app; sourceTree = BUILT_PRODUCTS_DIR; };
		225DF712221CBD4000E65FA9 /* AppDelegate.swift */ = {isa = PBXFileReference; lastKnownFileType = sourcecode.swift; path = AppDelegate.swift; sourceTree = "<group>"; };
		225DF714221CBD4000E65FA9 /* ViewController.swift */ = {isa = PBXFileReference; lastKnownFileType = sourcecode.swift; path = ViewController.swift; sourceTree = "<group>"; };
		225DF717221CBD4000E65FA9 /* Base */ = {isa = PBXFileReference; lastKnownFileType = file.storyboard; name = Base; path = Base.lproj/Main.storyboard; sourceTree = "<group>"; };
		225DF719221CBD5200E65FA9 /* Assets.xcassets */ = {isa = PBXFileReference; lastKnownFileType = folder.assetcatalog; path = Assets.xcassets; sourceTree = "<group>"; };
		225DF71C221CBD5200E65FA9 /* Base */ = {isa = PBXFileReference; lastKnownFileType = file.storyboard; name = Base; path = Base.lproj/LaunchScreen.storyboard; sourceTree = "<group>"; };
		225DF71E221CBD5200E65FA9 /* Info.plist */ = {isa = PBXFileReference; lastKnownFileType = text.plist.xml; path = Info.plist; sourceTree = "<group>"; };
		225DF723221CBD5200E65FA9 /* testTests.xctest */ = {isa = PBXFileReference; explicitFileType = wrapper.cfbundle; includeInIndex = 0; path = testTests.xctest; sourceTree = BUILT_PRODUCTS_DIR; };
		225DF727221CBD5200E65FA9 /* testTests.swift */ = {isa = PBXFileReference; lastKnownFileType = sourcecode.swift; path = testTests.swift; sourceTree = "<group>"; };
		225DF729221CBD5200E65FA9 /* Info.plist */ = {isa = PBXFileReference; lastKnownFileType = text.plist.xml; path = Info.plist; sourceTree = "<group>"; };
		225DF72E221CBD5200E65FA9 /* testUITests.xctest */ = {isa = PBXFileReference; explicitFileType = wrapper.cfbundle; includeInIndex = 0; path = testUITests.xctest; sourceTree = BUILT_PRODUCTS_DIR; };
		225DF732221CBD5200E65FA9 /* testUITests.swift */ = {isa = PBXFileReference; lastKnownFileType = sourcecode.swift; path = testUITests.swift; sourceTree = "<group>"; };
		225DF734221CBD5200E65FA9 /* Info.plist */ = {isa = PBXFileReference; lastKnownFileType = text.plist.xml; path = Info.plist; sourceTree = "<group>"; };
/* End PBXFileReference section */

/* Begin PBXFrameworksBuildPhase section */
		225DF70C221CBD4000E65FA9 /* Frameworks */ = {
			isa = PBXFrameworksBuildPhase;
			buildActionMask = 2147483647;
			files = (
			);
			runOnlyForDeploymentPostprocessing = 0;
		};
		225DF720221CBD5200E65FA9 /* Frameworks */ = {
			isa = PBXFrameworksBuildPhase;
			buildActionMask = 2147483647;
			files = (
			);
			runOnlyForDeploymentPostprocessing = 0;
		};
		225DF72B221CBD5200E65FA9 /* Frameworks */ = {
			isa = PBXFrameworksBuildPhase;
			buildActionMask = 2147483647;
			files = (
			);
			runOnlyForDeploymentPostprocessing = 0;
		};
/* End PBXFrameworksBuildPhase section */

/* Begin PBXGroup section */
		225DF706221CBD3F00E65FA9 = {
			isa = PBXGroup;
			children = (
				225DF711221CBD4000E65FA9 /* test */,
				225DF726221CBD5200E65FA9 /* testTests */,
				225DF731221CBD5200E65FA9 /* testUITests */,
				225DF710221CBD4000E65FA9 /* Products */,
			);
			sourceTree = "<group>";
		};
		225DF710221CBD4000E65FA9 /* Products */ = {
			isa = PBXGroup;
			children = (
				225DF70F221CBD4000E65FA9 /* test.app */,
				225DF723221CBD5200E65FA9 /* testTests.xctest */,
				225DF72E221CBD5200E65FA9 /* testUITests.xctest */,
			);
			name = Products;
			sourceTree = "<group>";
		};
		225DF711221CBD4000E65FA9 /* test */ = {
			isa = PBXGroup;
			children = (
				225DF712221CBD4000E65FA9 /* AppDelegate.swift */,
				225DF714221CBD4000E65FA9 /* ViewController.swift */,
				225DF716221CBD4000E65FA9 /* Main.storyboard */,
				225DF719221CBD5200E65FA9 /* Assets.xcassets */,
				225DF71B221CBD5200E65FA9 /* LaunchScreen.storyboard */,
				225DF71E221CBD5200E65FA9 /* Info.plist */,
			);
			path = test;
			sourceTree = "<group>";
		};
		225DF726221CBD5200E65FA9 /* testTests */ = {
			isa = PBXGroup;
			children = (
				225DF727221CBD5200E65FA9 /* testTests.swift */,
				225DF729221CBD5200E65FA9 /* Info.plist */,
			);
			path = testTests;
			sourceTree = "<group>";
		};
		225DF731221CBD5200E65FA9 /* testUITests */ = {
			isa = PBXGroup;
			children = (
				225DF732221CBD5200E65FA9 /* testUITests.swift */,
				225DF734221CBD5200E65FA9 /* Info.plist */,
			);
			path = testUITests;
			sourceTree = "<group>";
		};
/* End PBXGroup section */

/* Begin PBXNativeTarget section */
		225DF70E221CBD4000E65FA9 /* test */ = {
			isa = PBXNativeTarget;
			buildConfigurationList = 225DF737221CBD5200E65FA9 /* Build configuration list for PBXNativeTarget "test" */;
			buildPhases = (
				225DF70B221CBD4000E65FA9 /* Sources */,
				225DF70C221CBD4000E65FA9 /* Frameworks */,
				225DF70D221CBD4000E65FA9 /* Resources */,
			);
			buildRules = (
			);
			dependencies = (
			);
			name = test;
			productName = test;
			productReference = 225DF70F221CBD4000E65FA9 /* test.app */;
			productType = "com.apple.product-type.application";
		};
		225DF722221CBD5200E65FA9 /* testTests */ = {
			isa = PBXNativeTarget;
			buildConfigurationList = 225DF73A221CBD5200E65FA9 /* Build configuration list for PBXNativeTarget "testTests" */;
			buildPhases = (
				225DF71F221CBD5200E65FA9 /* Sources */,
				225DF720221CBD5200E65FA9 /* Frameworks */,
				225DF721221CBD5200E65FA9 /* Resources */,
			);
			buildRules = (
			);
			dependencies = (
				225DF725221CBD5200E65FA9 /* PBXTargetDependency */,
			);
			name = testTests;
			productName = testTests;
			productReference = 225DF723221CBD5200E65FA9 /* testTests.xctest */;
			productType = "com.apple.product-type.bundle.unit-test";
		};
		225DF72D221CBD5200E65FA9 /* testUITests */ = {
			isa = PBXNativeTarget;
			buildConfigurationList = 225DF73D221CBD5200E65FA9 /* Build configuration list for PBXNativeTarget "testUITests" */;
			buildPhases = (
				225DF72A221CBD5200E65FA9 /* Sources */,
				225DF72B221CBD5200E65FA9 /* Frameworks */,
				225DF72C221CBD5200E65FA9 /* Resources */,
			);
			buildRules = (
			);
			dependencies = (
				225DF730221CBD5200E65FA9 /* PBXTargetDependency */,
			);
			name = testUITests;
			productName = testUITests;
			productReference = 225DF72E221CBD5200E65FA9 /* testUITests.xctest */;
			productType = "com.apple.product-type.bundle.ui-testing";
		};
/* End PBXNativeTarget section */

/* Begin PBXProject section */
		225DF707221CBD3F00E65FA9 /* Project object */ = {
			isa = PBXProject;
			attributes = {
				LastSwiftUpdateCheck = 1010;
				LastUpgradeCheck = 1010;
				ORGANIZATIONNAME = AnaPiligrim;
				TargetAttributes = {
					225DF70E221CBD4000E65FA9 = {
						CreatedOnToolsVersion = 10.1;
					};
					225DF722221CBD5200E65FA9 = {
						CreatedOnToolsVersion = 10.1;
						TestTargetID = 225DF70E221CBD4000E65FA9;
					};
					225DF72D221CBD5200E65FA9 = {
						CreatedOnToolsVersion = 10.1;
						TestTargetID = 225DF70E221CBD4000E65FA9;
					};
				};
			};
			buildConfigurationList = 225DF70A221CBD4000E65FA9 /* Build configuration list for PBXProject "test" */;
			compatibilityVersion = "Xcode 9.3";
			developmentRegion = en;
			hasScannedForEncodings = 0;
			knownRegions = (
				en,
				Base,
			);
			mainGroup = 225DF706221CBD3F00E65FA9;
			productRefGroup = 225DF710221CBD4000E65FA9 /* Products */;
			projectDirPath = "";
			projectRoot = "";
			targets = (
				225DF70E221CBD4000E65FA9 /* test */,
				225DF722221CBD5200E65FA9 /* testTests */,
				225DF72D221CBD5200E65FA9 /* testUITests */,
			);
		};
/* End PBXProject section */

/* Begin PBXResourcesBuildPhase section */
		225DF70D221CBD4000E65FA9 /* Resources */ = {
			isa = PBXResourcesBuildPhase;
			buildActionMask = 2147483647;
			files = (
				225DF71D221CBD5200E65FA9 /* LaunchScreen.storyboard in Resources */,
				225DF71A221CBD5200E65FA9 /* Assets.xcassets in Resources */,
				225DF718221CBD4000E65FA9 /* Main.storyboard in Resources */,
			);
			runOnlyForDeploymentPostprocessing = 0;
		};
		225DF721221CBD5200E65FA9 /* Resources */ = {
			isa = PBXResourcesBuildPhase;
			buildActionMask = 2147483647;
			files = (
			);
			runOnlyForDeploymentPostprocessing = 0;
		};
		225DF72C221CBD5200E65FA9 /* Resources */ = {
			isa = PBXResourcesBuildPhase;
			buildActionMask = 2147483647;
			files = (
			);
			runOnlyForDeploymentPostprocessing = 0;
		};
/* End PBXResourcesBuildPhase section */

/* Begin PBXSourcesBuildPhase section */
		225DF70B221CBD4000E65FA9 /* Sources */ = {
			isa = PBXSourcesBuildPhase;
			buildActionMask = 2147483647;
			files = (
				225DF715221CBD4000E65FA9 /* ViewController.swift in Sources */,
				225DF713221CBD4000E65FA9 /* AppDelegate.swift in Sources */,
			);
			runOnlyForDeploymentPostprocessing = 0;
		};
		225DF71F221CBD5200E65FA9 /* Sources */ = {
			isa = PBXSourcesBuildPhase;
			buildActionMask = 2147483647;
			files = (
				225DF728221CBD5200E65FA9 /* testTests.swift in Sources */,
			);
			runOnlyForDeploymentPostprocessing = 0;
		};
		225DF72A221CBD5200E65FA9 /* Sources */ = {
			isa = PBXSourcesBuildPhase;
			buildActionMask = 2147483647;
			files = (
				225DF733221CBD5200E65FA9 /* testUITests.swift in Sources */,
			);
			runOnlyForDeploymentPostprocessing = 0;
		};
/* End PBXSourcesBuildPhase section */

/* Begin PBXTargetDependency section */
		225DF725221CBD5200E65FA9 /* PBXTargetDependency */ = {
			isa = PBXTargetDependency;
			target = 225DF70E221CBD4000E65FA9 /* test */;
			targetProxy = 225DF724221CBD5200E65FA9 /* PBXContainerItemProxy */;
		};
		225DF730221CBD5200E65FA9 /* PBXTargetDependency */ = {
			isa = PBXTargetDependency;
			target = 225DF70E221CBD4000E65FA9 /* test */;
			targetProxy = 225DF72F221CBD5200E65FA9 /* PBXContainerItemProxy */;
		};
/* End PBXTargetDependency section */

/* Begin PBXVariantGroup section */
		225DF716221CBD4000E65FA9 /* Main.storyboard */ = {
			isa = PBXVariantGroup;
			children = (
				225DF717221CBD4000E65FA9 /* Base */,
			);
			name = Main.storyboard;
			sourceTree = "<group>";
		};
		225DF71B221CBD5200E65FA9 /* LaunchScreen.storyboard */ = {
			isa = PBXVariantGroup;
			children = (
				225DF71C221CBD5200E65FA9 /* Base */,
			);
			name = LaunchScreen.storyboard;
			sourceTree = "<group>";
		};
/* End PBXVariantGroup section */

/* Begin XCBuildConfiguration section */
		225DF735221CBD5200E65FA9 /* Debug */ = {
			isa = XCBuildConfiguration;
			buildSettings = {
				ALWAYS_SEARCH_USER_PATHS = NO;
				CLANG_ANALYZER_NONNULL = YES;
				CLANG_ANALYZER_NUMBER_OBJECT_CONVERSION = YES_AGGRESSIVE;
				CLANG_CXX_LANGUAGE_STANDARD = "gnu++14";
				CLANG_CXX_LIBRARY = "libc++";
				CLANG_ENABLE_MODULES = YES;
				CLANG_ENABLE_OBJC_ARC = YES;
				CLANG_ENABLE_OBJC_WEAK = YES;
				CLANG_WARN_BLOCK_CAPTURE_AUTORELEASING = YES;
				CLANG_WARN_BOOL_CONVERSION = YES;
				CLANG_WARN_COMMA = YES;
				CLANG_WARN_CONSTANT_CONVERSION = YES;
				CLANG_WARN_DEPRECATED_OBJC_IMPLEMENTATIONS = YES;
				CLANG_WARN_DIRECT_OBJC_ISA_USAGE = YES_ERROR;
				CLANG_WARN_DOCUMENTATION_COMMENTS = YES;
				CLANG_WARN_EMPTY_BODY = YES;
				CLANG_WARN_ENUM_CONVERSION = YES;
				CLANG_WARN_INFINITE_RECURSION = YES;
				CLANG_WARN_INT_CONVERSION = YES;
				CLANG_WARN_NON_LITERAL_NULL_CONVERSION = YES;
				CLANG_WARN_OBJC_IMPLICIT_RETAIN_SELF = YES;
				CLANG_WARN_OBJC_LITERAL_CONVERSION = YES;
				CLANG_WARN_OBJC_ROOT_CLASS = YES_ERROR;
				CLANG_WARN_RANGE_LOOP_ANALYSIS = YES;
				CLANG_WARN_STRICT_PROTOTYPES = YES;
				CLANG_WARN_SUSPICIOUS_MOVE = YES;
				CLANG_WARN_UNGUARDED_AVAILABILITY = YES_AGGRESSIVE;
				CLANG_WARN_UNREACHABLE_CODE = YES;
				CLANG_WARN__DUPLICATE_METHOD_MATCH = YES;
				CODE_SIGN_IDENTITY = "iPhone Developer";
				COPY_PHASE_STRIP = NO;
				DEBUG_INFORMATION_FORMAT = dwarf;
				ENABLE_STRICT_OBJC_MSGSEND = YES;
				ENABLE_TESTABILITY = YES;
				GCC_C_LANGUAGE_STANDARD = gnu11;
				GCC_DYNAMIC_NO_PIC = NO;
				GCC_NO_COMMON_BLOCKS = YES;
				GCC_OPTIMIZATION_LEVEL = 0;
				GCC_PREPROCESSOR_DEFINITIONS = (
					"DEBUG=1",
					"$(inherited)",
				);
				GCC_WARN_64_TO_32_BIT_CONVERSION = YES;
				GCC_WARN_ABOUT_RETURN_TYPE = YES_ERROR;
				GCC_WARN_UNDECLARED_SELECTOR = YES;
				GCC_WARN_UNINITIALIZED_AUTOS = YES_AGGRESSIVE;
				GCC_WARN_UNUSED_FUNCTION = YES;
				GCC_WARN_UNUSED_VARIABLE = YES;
				IPHONEOS_DEPLOYMENT_TARGET = 12.1;
				MTL_ENABLE_DEBUG_INFO = INCLUDE_SOURCE;
				MTL_FAST_MATH = YES;
				ONLY_ACTIVE_ARCH = YES;
				SDKROOT = iphoneos;
				SWIFT_ACTIVE_COMPILATION_CONDITIONS = DEBUG;
				SWIFT_OPTIMIZATION_LEVEL = "-Onone";
			};
			name = Debug;
		};
		225DF736221CBD5200E65FA9 /* Release */ = {
			isa = XCBuildConfiguration;
			buildSettings = {
				ALWAYS_SEARCH_USER_PATHS = NO;
				CLANG_ANALYZER_NONNULL = YES;
				CLANG_ANALYZER_NUMBER_OBJECT_CONVERSION = YES_AGGRESSIVE;
				CLANG_CXX_LANGUAGE_STANDARD = "gnu++14";
				CLANG_CXX_LIBRARY = "libc++";
				CLANG_ENABLE_MODULES = YES;
				CLANG_ENABLE_OBJC_ARC = YES;
				CLANG_ENABLE_OBJC_WEAK = YES;
				CLANG_WARN_BLOCK_CAPTURE_AUTORELEASING = YES;
				CLANG_WARN_BOOL_CONVERSION = YES;
				CLANG_WARN_COMMA = YES;
				CLANG_WARN_CONSTANT_CONVERSION = YES;
				CLANG_WARN_DEPRECATED_OBJC_IMPLEMENTATIONS = YES;
				CLANG_WARN_DIRECT_OBJC_ISA_USAGE = YES_ERROR;
				CLANG_WARN_DOCUMENTATION_COMMENTS = YES;
				CLANG_WARN_EMPTY_BODY = YES;
				CLANG_WARN_ENUM_CONVERSION = YES;
				CLANG_WARN_INFINITE_RECURSION = YES;
				CLANG_WARN_INT_CONVERSION = YES;
				CLANG_WARN_NON_LITERAL_NULL_CONVERSION = YES;
				CLANG_WARN_OBJC_IMPLICIT_RETAIN_SELF = YES;
				CLANG_WARN_OBJC_LITERAL_CONVERSION = YES;
				CLANG_WARN_OBJC_ROOT_CLASS = YES_ERROR;
				CLANG_WARN_RANGE_LOOP_ANALYSIS = YES;
				CLANG_WARN_STRICT_PROTOTYPES = YES;
				CLANG_WARN_SUSPICIOUS_MOVE = YES;
				CLANG_WARN_UNGUARDED_AVAILABILITY = YES_AGGRESSIVE;
				CLANG_WARN_UNREACHABLE_CODE = YES;
				CLANG_WARN__DUPLICATE_METHOD_MATCH = YES;
				CODE_SIGN_IDENTITY = "iPhone Developer";
				COPY_PHASE_STRIP = NO;
				DEBUG_INFORMATION_FORMAT = "dwarf-with-dsym";
				ENABLE_NS_ASSERTIONS = NO;
				ENABLE_STRICT_OBJC_MSGSEND = YES;
				GCC_C_LANGUAGE_STANDARD = gnu11;
				GCC_NO_COMMON_BLOCKS = YES;
				GCC_WARN_64_TO_32_BIT_CONVERSION = YES;
				GCC_WARN_ABOUT_RETURN_TYPE = YES_ERROR;
				GCC_WARN_UNDECLARED_SELECTOR = YES;
				GCC_WARN_UNINITIALIZED_AUTOS = YES_AGGRESSIVE;
				GCC_WARN_UNUSED_FUNCTION = YES;
				GCC_WARN_UNUSED_VARIABLE = YES;
				IPHONEOS_DEPLOYMENT_TARGET = 12.1;
				MTL_ENABLE_DEBUG_INFO = NO;
				MTL_FAST_MATH = YES;
				SDKROOT = iphoneos;
				SWIFT_COMPILATION_MODE = wholemodule;
				SWIFT_OPTIMIZATION_LEVEL = "-O";
				VALIDATE_PRODUCT = YES;
			};
			name = Release;
		};
		225DF738221CBD5200E65FA9 /* Debug */ = {
			isa = XCBuildConfiguration;
			buildSettings = {
				ASSETCATALOG_COMPILER_APPICON_NAME = AppIcon;
				CODE_SIGN_STYLE = Automatic;
				DEVELOPMENT_TEAM = 5BNYHY7288;
				INFOPLIST_FILE = test/Info.plist;
				LD_RUNPATH_SEARCH_PATHS = (
					"$(inherited)",
					"@executable_path/Frameworks",
				);
				PRODUCT_BUNDLE_IDENTIFIER = "Hello-World.test";
				PRODUCT_NAME = "$(TARGET_NAME)";
				SWIFT_VERSION = 4.2;
				TARGETED_DEVICE_FAMILY = "1,2";
			};
			name = Debug;
		};
		225DF739221CBD5200E65FA9 /* Release */ = {
			isa = XCBuildConfiguration;
			buildSettings = {
				ASSETCATALOG_COMPILER_APPICON_NAME = AppIcon;
				CODE_SIGN_STYLE = Automatic;
				DEVELOPMENT_TEAM = 5BNYHY7288;
				INFOPLIST_FILE = test/Info.plist;
				LD_RUNPATH_SEARCH_PATHS = (
					"$(inherited)",
					"@executable_path/Frameworks",
				);
				PRODUCT_BUNDLE_IDENTIFIER = "Hello-World.test";
				PRODUCT_NAME = "$(TARGET_NAME)";
				SWIFT_VERSION = 4.2;
				TARGETED_DEVICE_FAMILY = "1,2";
			};
			name = Release;
		};
		225DF73B221CBD5200E65FA9 /* Debug */ = {
			isa = XCBuildConfiguration;
			buildSettings = {
				ALWAYS_EMBED_SWIFT_STANDARD_LIBRARIES = YES;
				BUNDLE_LOADER = "$(TEST_HOST)";
				CODE_SIGN_STYLE = Automatic;
				DEVELOPMENT_TEAM = 5BNYHY7288;
				INFOPLIST_FILE = testTests/Info.plist;
				LD_RUNPATH_SEARCH_PATHS = (
					"$(inherited)",
					"@executable_path/Frameworks",
					"@loader_path/Frameworks",
				);
				PRODUCT_BUNDLE_IDENTIFIER = "Hello-World.testTests";
				PRODUCT_NAME = "$(TARGET_NAME)";
				SWIFT_VERSION = 4.2;
				TARGETED_DEVICE_FAMILY = "1,2";
				TEST_HOST = "$(BUILT_PRODUCTS_DIR)/test.app/test";
			};
			name = Debug;
		};
		225DF73C221CBD5200E65FA9 /* Release */ = {
			isa = XCBuildConfiguration;
			buildSettings = {
				ALWAYS_EMBED_SWIFT_STANDARD_LIBRARIES = YES;
				BUNDLE_LOADER = "$(TEST_HOST)";
				CODE_SIGN_STYLE = Automatic;
				DEVELOPMENT_TEAM = 5BNYHY7288;
				INFOPLIST_FILE = testTests/Info.plist;
				LD_RUNPATH_SEARCH_PATHS = (
					"$(inherited)",
					"@executable_path/Frameworks",
					"@loader_path/Frameworks",
				);
				PRODUCT_BUNDLE_IDENTIFIER = "Hello-World.testTests";
				PRODUCT_NAME = "$(TARGET_NAME)";
				SWIFT_VERSION = 4.2;
				TARGETED_DEVICE_FAMILY = "1,2";
				TEST_HOST = "$(BUILT_PRODUCTS_DIR)/test.app/test";
			};
			name = Release;
		};
		225DF73E221CBD5200E65FA9 /* Debug */ = {
			isa = XCBuildConfiguration;
			buildSettings = {
				ALWAYS_EMBED_SWIFT_STANDARD_LIBRARIES = YES;
				CODE_SIGN_STYLE = Automatic;
				DEVELOPMENT_TEAM = 5BNYHY7288;
				INFOPLIST_FILE = testUITests/Info.plist;
				LD_RUNPATH_SEARCH_PATHS = (
					"$(inherited)",
					"@executable_path/Frameworks",
					"@loader_path/Frameworks",
				);
				PRODUCT_BUNDLE_IDENTIFIER = "Hello-World.testUITests";
				PRODUCT_NAME = "$(TARGET_NAME)";
				SWIFT_VERSION = 4.2;
				TARGETED_DEVICE_FAMILY = "1,2";
				TEST_TARGET_NAME = test;
			};
			name = Debug;
		};
		225DF73F221CBD5200E65FA9 /* Release */ = {
			isa = XCBuildConfiguration;
			buildSettings = {
				ALWAYS_EMBED_SWIFT_STANDARD_LIBRARIES = YES;
				CODE_SIGN_STYLE = Automatic;
				DEVELOPMENT_TEAM = 5BNYHY7288;
				INFOPLIST_FILE = testUITests/Info.plist;
				LD_RUNPATH_SEARCH_PATHS = (
					"$(inherited)",
					"@executable_path/Frameworks",
					"@loader_path/Frameworks",
				);
				PRODUCT_BUNDLE_IDENTIFIER = "Hello-World.testUITests";
				PRODUCT_NAME = "$(TARGET_NAME)";
				SWIFT_VERSION = 4.2;
				TARGETED_DEVICE_FAMILY = "1,2";
				TEST_TARGET_NAME = test;
			};
			name = Release;
		};
/* End XCBuildConfiguration section */

/* Begin XCConfigurationList section */
		225DF70A221CBD4000E65FA9 /* Build configuration list for PBXProject "test" */ = {
			isa = XCConfigurationList;
			buildConfigurations = (
				225DF735221CBD5200E65FA9 /* Debug */,
				225DF736221CBD5200E65FA9 /* Release */,
			);
			defaultConfigurationIsVisible = 0;
			defaultConfigurationName = Release;
		};
		225DF737221CBD5200E65FA9 /* Build configuration list for PBXNativeTarget "test" */ = {
			isa = XCConfigurationList;
			buildConfigurations = (
				225DF738221CBD5200E65FA9 /* Debug */,
				225DF739221CBD5200E65FA9 /* Release */,
			);
			defaultConfigurationIsVisible = 0;
			defaultConfigurationName = Release;
		};
		225DF73A221CBD5200E65FA9 /* Build configuration list for PBXNativeTarget "testTests" */ = {
			isa = XCConfigurationList;
			buildConfigurations = (
				225DF73B221CBD5200E65FA9 /* Debug */,
				225DF73C221CBD5200E65FA9 /* Release */,
			);
			defaultConfigurationIsVisible = 0;
			defaultConfigurationName = Release;
		};
		225DF73D221CBD5200E65FA9 /* Build configuration list for PBXNativeTarget "testUITests" */ = {
			isa = XCConfigurationList;
			buildConfigurations = (
				225DF73E221CBD5200E65FA9 /* Debug */,
				225DF73F221CBD5200E65FA9 /* Release */,
			);
			defaultConfigurationIsVisible = 0;
			defaultConfigurationName = Release;
		};
/* End XCConfigurationList section */
	};
	rootObject = 225DF707221CBD3F00E65FA9 /* Project object */;
}
